PODS:
  - React (0.11.0):
    - React/Core (= 0.11.0)
  - React/Core (0.11.0)
  - RNHoleView (0.0.1):
    - React

DEPENDENCIES:
  - RNHoleView (from `../`)

SPEC REPOS:
  trunk:
    - React

EXTERNAL SOURCES:
  RNHoleView:
    :path: "../"

SPEC CHECKSUMS:
  React: ab1a2e21deb34965c38328d5ec40cc7d12c6050a
  RNHoleView: cbae00dd5ce5f3a1cf1643b679c9adf97f49f36a

PODFILE CHECKSUM: 3b4185fc34eff116b76068e371365971d12f890d

COCOAPODS: 1.9.1
